// !$*UTF8*$!
{
	archiveVersion = 1;
	classes = {
	};
	objectVersion = 56;
	objects = {

/* Begin PBXBuildFile section */
		4F1B1D632B2B9143006822CE /* MoviesService.swift in Sources */ = {isa = PBXBuildFile; fileRef = 4F1B1D622B2B9143006822CE /* MoviesService.swift */; };
		4F1B1D652B2B92B2006822CE /* secret.swift in Sources */ = {isa = PBXBuildFile; fileRef = 4F1B1D642B2B92B2006822CE /* secret.swift */; };
		4F1B1D672B2B94C3006822CE /* Movie.swift in Sources */ = {isa = PBXBuildFile; fileRef = 4F1B1D662B2B94C3006822CE /* Movie.swift */; };
		4F1B1D692B2B9665006822CE /* MovieViewModel.swift in Sources */ = {isa = PBXBuildFile; fileRef = 4F1B1D682B2B9665006822CE /* MovieViewModel.swift */; };
		4F1B1D6B2B2BA2F3006822CE /* MovieDetailsView.swift in Sources */ = {isa = PBXBuildFile; fileRef = 4F1B1D6A2B2BA2F3006822CE /* MovieDetailsView.swift */; };
		4F1B1D6D2B2BA308006822CE /* MovieDetailsViewModel.swift in Sources */ = {isa = PBXBuildFile; fileRef = 4F1B1D6C2B2BA308006822CE /* MovieDetailsViewModel.swift */; };
		4F1B1D6F2B2BA315006822CE /* Cast.swift in Sources */ = {isa = PBXBuildFile; fileRef = 4F1B1D6E2B2BA315006822CE /* Cast.swift */; };
		4F1B1D712B2BA322006822CE /* CastService.swift in Sources */ = {isa = PBXBuildFile; fileRef = 4F1B1D702B2BA322006822CE /* CastService.swift */; };
		4FC98B172B2B8D4900F760E8 /* MoviesApp.swift in Sources */ = {isa = PBXBuildFile; fileRef = 4FC98B162B2B8D4900F760E8 /* MoviesApp.swift */; };
		4FC98B192B2B8D4900F760E8 /* ContentView.swift in Sources */ = {isa = PBXBuildFile; fileRef = 4FC98B182B2B8D4900F760E8 /* ContentView.swift */; };
		4FC98B1B2B2B8D4C00F760E8 /* Assets.xcassets in Resources */ = {isa = PBXBuildFile; fileRef = 4FC98B1A2B2B8D4C00F760E8 /* Assets.xcassets */; };
		4FC98B1E2B2B8D4C00F760E8 /* Preview Assets.xcassets in Resources */ = {isa = PBXBuildFile; fileRef = 4FC98B1D2B2B8D4C00F760E8 /* Preview Assets.xcassets */; };
		4FC98B282B2B8D4C00F760E8 /* MoviesTests.swift in Sources */ = {isa = PBXBuildFile; fileRef = 4FC98B272B2B8D4C00F760E8 /* MoviesTests.swift */; };
		4FC98B322B2B8D4C00F760E8 /* MoviesUITests.swift in Sources */ = {isa = PBXBuildFile; fileRef = 4FC98B312B2B8D4C00F760E8 /* MoviesUITests.swift */; };
		4FC98B342B2B8D4C00F760E8 /* MoviesUITestsLaunchTests.swift in Sources */ = {isa = PBXBuildFile; fileRef = 4FC98B332B2B8D4C00F760E8 /* MoviesUITestsLaunchTests.swift */; };
/* End PBXBuildFile section */

/* Begin PBXContainerItemProxy section */
		4FC98B242B2B8D4C00F760E8 /* PBXContainerItemProxy */ = {
			isa = PBXContainerItemProxy;
			containerPortal = 4FC98B0B2B2B8D4900F760E8 /* Project object */;
			proxyType = 1;
			remoteGlobalIDString = 4FC98B122B2B8D4900F760E8;
			remoteInfo = Movies;
		};
		4FC98B2E2B2B8D4C00F760E8 /* PBXContainerItemProxy */ = {
			isa = PBXContainerItemProxy;
			containerPortal = 4FC98B0B2B2B8D4900F760E8 /* Project object */;
			proxyType = 1;
			remoteGlobalIDString = 4FC98B122B2B8D4900F760E8;
			remoteInfo = Movies;
		};
/* End PBXContainerItemProxy section */

/* Begin PBXFileReference section */
		4F1B1D622B2B9143006822CE /* MoviesService.swift */ = {isa = PBXFileReference; lastKnownFileType = sourcecode.swift; path = MoviesService.swift; sourceTree = "<group>"; };
		4F1B1D642B2B92B2006822CE /* secret.swift */ = {isa = PBXFileReference; lastKnownFileType = sourcecode.swift; path = secret.swift; sourceTree = "<group>"; };
		4F1B1D662B2B94C3006822CE /* Movie.swift */ = {isa = PBXFileReference; lastKnownFileType = sourcecode.swift; path = Movie.swift; sourceTree = "<group>"; };
		4F1B1D682B2B9665006822CE /* MovieViewModel.swift */ = {isa = PBXFileReference; lastKnownFileType = sourcecode.swift; path = MovieViewModel.swift; sourceTree = "<group>"; };
		4F1B1D6A2B2BA2F3006822CE /* MovieDetailsView.swift */ = {isa = PBXFileReference; lastKnownFileType = sourcecode.swift; path = MovieDetailsView.swift; sourceTree = "<group>"; };
		4F1B1D6C2B2BA308006822CE /* MovieDetailsViewModel.swift */ = {isa = PBXFileReference; lastKnownFileType = sourcecode.swift; path = MovieDetailsViewModel.swift; sourceTree = "<group>"; };
		4F1B1D6E2B2BA315006822CE /* Cast.swift */ = {isa = PBXFileReference; lastKnownFileType = sourcecode.swift; path = Cast.swift; sourceTree = "<group>"; };
		4F1B1D702B2BA322006822CE /* CastService.swift */ = {isa = PBXFileReference; lastKnownFileType = sourcecode.swift; path = CastService.swift; sourceTree = "<group>"; };
		4FC98B132B2B8D4900F760E8 /* Movies.app */ = {isa = PBXFileReference; explicitFileType = wrapper.application; includeInIndex = 0; path = Movies.app; sourceTree = BUILT_PRODUCTS_DIR; };
		4FC98B162B2B8D4900F760E8 /* MoviesApp.swift */ = {isa = PBXFileReference; lastKnownFileType = sourcecode.swift; path = MoviesApp.swift; sourceTree = "<group>"; };
		4FC98B182B2B8D4900F760E8 /* ContentView.swift */ = {isa = PBXFileReference; lastKnownFileType = sourcecode.swift; path = ContentView.swift; sourceTree = "<group>"; };
		4FC98B1A2B2B8D4C00F760E8 /* Assets.xcassets */ = {isa = PBXFileReference; lastKnownFileType = folder.assetcatalog; path = Assets.xcassets; sourceTree = "<group>"; };
		4FC98B1D2B2B8D4C00F760E8 /* Preview Assets.xcassets */ = {isa = PBXFileReference; lastKnownFileType = folder.assetcatalog; path = "Preview Assets.xcassets"; sourceTree = "<group>"; };
		4FC98B232B2B8D4C00F760E8 /* MoviesTests.xctest */ = {isa = PBXFileReference; explicitFileType = wrapper.cfbundle; includeInIndex = 0; path = MoviesTests.xctest; sourceTree = BUILT_PRODUCTS_DIR; };
		4FC98B272B2B8D4C00F760E8 /* MoviesTests.swift */ = {isa = PBXFileReference; lastKnownFileType = sourcecode.swift; path = MoviesTests.swift; sourceTree = "<group>"; };
		4FC98B2D2B2B8D4C00F760E8 /* MoviesUITests.xctest */ = {isa = PBXFileReference; explicitFileType = wrapper.cfbundle; includeInIndex = 0; path = MoviesUITests.xctest; sourceTree = BUILT_PRODUCTS_DIR; };
		4FC98B312B2B8D4C00F760E8 /* MoviesUITests.swift */ = {isa = PBXFileReference; lastKnownFileType = sourcecode.swift; path = MoviesUITests.swift; sourceTree = "<group>"; };
		4FC98B332B2B8D4C00F760E8 /* MoviesUITestsLaunchTests.swift */ = {isa = PBXFileReference; lastKnownFileType = sourcecode.swift; path = MoviesUITestsLaunchTests.swift; sourceTree = "<group>"; };
/* End PBXFileReference section */

/* Begin PBXFrameworksBuildPhase section */
		4FC98B102B2B8D4900F760E8 /* Frameworks */ = {
			isa = PBXFrameworksBuildPhase;
			buildActionMask = 2147483647;
			files = (
			);
			runOnlyForDeploymentPostprocessing = 0;
		};
		4FC98B202B2B8D4C00F760E8 /* Frameworks */ = {
			isa = PBXFrameworksBuildPhase;
			buildActionMask = 2147483647;
			files = (
			);
			runOnlyForDeploymentPostprocessing = 0;
		};
		4FC98B2A2B2B8D4C00F760E8 /* Frameworks */ = {
			isa = PBXFrameworksBuildPhase;
			buildActionMask = 2147483647;
			files = (
			);
			runOnlyForDeploymentPostprocessing = 0;
		};
/* End PBXFrameworksBuildPhase section */

/* Begin PBXGroup section */
		4F1B1D5E2B2B90F2006822CE /* Views */ = {
			isa = PBXGroup;
			children = (
				4FC98B182B2B8D4900F760E8 /* ContentView.swift */,
				4F1B1D6A2B2BA2F3006822CE /* MovieDetailsView.swift */,
			);
			path = Views;
			sourceTree = "<group>";
		};
		4F1B1D5F2B2B9109006822CE /* ViewModels */ = {
			isa = PBXGroup;
			children = (
				4F1B1D682B2B9665006822CE /* MovieViewModel.swift */,
				4F1B1D6C2B2BA308006822CE /* MovieDetailsViewModel.swift */,
			);
			path = ViewModels;
			sourceTree = "<group>";
		};
		4F1B1D602B2B9115006822CE /* Models */ = {
			isa = PBXGroup;
			children = (
				4F1B1D662B2B94C3006822CE /* Movie.swift */,
				4F1B1D6E2B2BA315006822CE /* Cast.swift */,
			);
			path = Models;
			sourceTree = "<group>";
		};
		4F1B1D612B2B911C006822CE /* Services */ = {
			isa = PBXGroup;
			children = (
				4F1B1D622B2B9143006822CE /* MoviesService.swift */,
				4F1B1D702B2BA322006822CE /* CastService.swift */,
			);
			path = Services;
			sourceTree = "<group>";
		};
		4FC98B0A2B2B8D4900F760E8 = {
			isa = PBXGroup;
			children = (
				4FC98B152B2B8D4900F760E8 /* Movies */,
				4FC98B262B2B8D4C00F760E8 /* MoviesTests */,
				4FC98B302B2B8D4C00F760E8 /* MoviesUITests */,
				4FC98B142B2B8D4900F760E8 /* Products */,
			);
			sourceTree = "<group>";
		};
		4FC98B142B2B8D4900F760E8 /* Products */ = {
			isa = PBXGroup;
			children = (
				4FC98B132B2B8D4900F760E8 /* Movies.app */,
				4FC98B232B2B8D4C00F760E8 /* MoviesTests.xctest */,
				4FC98B2D2B2B8D4C00F760E8 /* MoviesUITests.xctest */,
			);
			name = Products;
			sourceTree = "<group>";
		};
		4FC98B152B2B8D4900F760E8 /* Movies */ = {
			isa = PBXGroup;
			children = (
				4F1B1D612B2B911C006822CE /* Services */,
				4F1B1D602B2B9115006822CE /* Models */,
				4F1B1D5F2B2B9109006822CE /* ViewModels */,
				4F1B1D5E2B2B90F2006822CE /* Views */,
				4FC98B162B2B8D4900F760E8 /* MoviesApp.swift */,
				4FC98B1A2B2B8D4C00F760E8 /* Assets.xcassets */,
				4FC98B1C2B2B8D4C00F760E8 /* Preview Content */,
				4F1B1D642B2B92B2006822CE /* secret.swift */,
			);
			path = Movies;
			sourceTree = "<group>";
		};
		4FC98B1C2B2B8D4C00F760E8 /* Preview Content */ = {
			isa = PBXGroup;
			children = (
				4FC98B1D2B2B8D4C00F760E8 /* Preview Assets.xcassets */,
			);
			path = "Preview Content";
			sourceTree = "<group>";
		};
		4FC98B262B2B8D4C00F760E8 /* MoviesTests */ = {
			isa = PBXGroup;
			children = (
				4FC98B272B2B8D4C00F760E8 /* MoviesTests.swift */,
			);
			path = MoviesTests;
			sourceTree = "<group>";
		};
		4FC98B302B2B8D4C00F760E8 /* MoviesUITests */ = {
			isa = PBXGroup;
			children = (
				4FC98B312B2B8D4C00F760E8 /* MoviesUITests.swift */,
				4FC98B332B2B8D4C00F760E8 /* MoviesUITestsLaunchTests.swift */,
			);
			path = MoviesUITests;
			sourceTree = "<group>";
		};
/* End PBXGroup section */

/* Begin PBXNativeTarget section */
		4FC98B122B2B8D4900F760E8 /* Movies */ = {
			isa = PBXNativeTarget;
			buildConfigurationList = 4FC98B372B2B8D4C00F760E8 /* Build configuration list for PBXNativeTarget "Movies" */;
			buildPhases = (
				4FC98B0F2B2B8D4900F760E8 /* Sources */,
				4FC98B102B2B8D4900F760E8 /* Frameworks */,
				4FC98B112B2B8D4900F760E8 /* Resources */,
			);
			buildRules = (
			);
			dependencies = (
			);
			name = Movies;
			productName = Movies;
			productReference = 4FC98B132B2B8D4900F760E8 /* Movies.app */;
			productType = "com.apple.product-type.application";
		};
		4FC98B222B2B8D4C00F760E8 /* MoviesTests */ = {
			isa = PBXNativeTarget;
			buildConfigurationList = 4FC98B3A2B2B8D4C00F760E8 /* Build configuration list for PBXNativeTarget "MoviesTests" */;
			buildPhases = (
				4FC98B1F2B2B8D4C00F760E8 /* Sources */,
				4FC98B202B2B8D4C00F760E8 /* Frameworks */,
				4FC98B212B2B8D4C00F760E8 /* Resources */,
			);
			buildRules = (
			);
			dependencies = (
				4FC98B252B2B8D4C00F760E8 /* PBXTargetDependency */,
			);
			name = MoviesTests;
			productName = MoviesTests;
			productReference = 4FC98B232B2B8D4C00F760E8 /* MoviesTests.xctest */;
			productType = "com.apple.product-type.bundle.unit-test";
		};
		4FC98B2C2B2B8D4C00F760E8 /* MoviesUITests */ = {
			isa = PBXNativeTarget;
			buildConfigurationList = 4FC98B3D2B2B8D4C00F760E8 /* Build configuration list for PBXNativeTarget "MoviesUITests" */;
			buildPhases = (
				4FC98B292B2B8D4C00F760E8 /* Sources */,
				4FC98B2A2B2B8D4C00F760E8 /* Frameworks */,
				4FC98B2B2B2B8D4C00F760E8 /* Resources */,
			);
			buildRules = (
			);
			dependencies = (
				4FC98B2F2B2B8D4C00F760E8 /* PBXTargetDependency */,
			);
			name = MoviesUITests;
			productName = MoviesUITests;
			productReference = 4FC98B2D2B2B8D4C00F760E8 /* MoviesUITests.xctest */;
			productType = "com.apple.product-type.bundle.ui-testing";
		};
/* End PBXNativeTarget section */

/* Begin PBXProject section */
		4FC98B0B2B2B8D4900F760E8 /* Project object */ = {
			isa = PBXProject;
			attributes = {
				BuildIndependentTargetsInParallel = 1;
				LastSwiftUpdateCheck = 1500;
				LastUpgradeCheck = 1500;
				TargetAttributes = {
					4FC98B122B2B8D4900F760E8 = {
						CreatedOnToolsVersion = 15.0;
					};
					4FC98B222B2B8D4C00F760E8 = {
						CreatedOnToolsVersion = 15.0;
						TestTargetID = 4FC98B122B2B8D4900F760E8;
					};
					4FC98B2C2B2B8D4C00F760E8 = {
						CreatedOnToolsVersion = 15.0;
						TestTargetID = 4FC98B122B2B8D4900F760E8;
					};
				};
			};
			buildConfigurationList = 4FC98B0E2B2B8D4900F760E8 /* Build configuration list for PBXProject "Movies" */;
			compatibilityVersion = "Xcode 14.0";
			developmentRegion = en;
			hasScannedForEncodings = 0;
			knownRegions = (
				en,
				Base,
			);
			mainGroup = 4FC98B0A2B2B8D4900F760E8;
			productRefGroup = 4FC98B142B2B8D4900F760E8 /* Products */;
			projectDirPath = "";
			projectRoot = "";
			targets = (
				4FC98B122B2B8D4900F760E8 /* Movies */,
				4FC98B222B2B8D4C00F760E8 /* MoviesTests */,
				4FC98B2C2B2B8D4C00F760E8 /* MoviesUITests */,
			);
		};
/* End PBXProject section */

/* Begin PBXResourcesBuildPhase section */
		4FC98B112B2B8D4900F760E8 /* Resources */ = {
			isa = PBXResourcesBuildPhase;
			buildActionMask = 2147483647;
			files = (
				4FC98B1E2B2B8D4C00F760E8 /* Preview Assets.xcassets in Resources */,
				4FC98B1B2B2B8D4C00F760E8 /* Assets.xcassets in Resources */,
			);
			runOnlyForDeploymentPostprocessing = 0;
		};
		4FC98B212B2B8D4C00F760E8 /* Resources */ = {
			isa = PBXResourcesBuildPhase;
			buildActionMask = 2147483647;
			files = (
			);
			runOnlyForDeploymentPostprocessing = 0;
		};
		4FC98B2B2B2B8D4C00F760E8 /* Resources */ = {
			isa = PBXResourcesBuildPhase;
			buildActionMask = 2147483647;
			files = (
			);
			runOnlyForDeploymentPostprocessing = 0;
		};
/* End PBXResourcesBuildPhase section */

/* Begin PBXSourcesBuildPhase section */
		4FC98B0F2B2B8D4900F760E8 /* Sources */ = {
			isa = PBXSourcesBuildPhase;
			buildActionMask = 2147483647;
			files = (
				4F1B1D6D2B2BA308006822CE /* MovieDetailsViewModel.swift in Sources */,
				4F1B1D6F2B2BA315006822CE /* Cast.swift in Sources */,
				4FC98B192B2B8D4900F760E8 /* ContentView.swift in Sources */,
				4F1B1D6B2B2BA2F3006822CE /* MovieDetailsView.swift in Sources */,
				4F1B1D652B2B92B2006822CE /* secret.swift in Sources */,
				4FC98B172B2B8D4900F760E8 /* MoviesApp.swift in Sources */,
				4F1B1D712B2BA322006822CE /* CastService.swift in Sources */,
				4F1B1D632B2B9143006822CE /* MoviesService.swift in Sources */,
				4F1B1D672B2B94C3006822CE /* Movie.swift in Sources */,
				4F1B1D692B2B9665006822CE /* MovieViewModel.swift in Sources */,
			);
			runOnlyForDeploymentPostprocessing = 0;
		};
		4FC98B1F2B2B8D4C00F760E8 /* Sources */ = {
			isa = PBXSourcesBuildPhase;
			buildActionMask = 2147483647;
			files = (
				4FC98B282B2B8D4C00F760E8 /* MoviesTests.swift in Sources */,
			);
			runOnlyForDeploymentPostprocessing = 0;
		};
		4FC98B292B2B8D4C00F760E8 /* Sources */ = {
			isa = PBXSourcesBuildPhase;
			buildActionMask = 2147483647;
			files = (
				4FC98B322B2B8D4C00F760E8 /* MoviesUITests.swift in Sources */,
				4FC98B342B2B8D4C00F760E8 /* MoviesUITestsLaunchTests.swift in Sources */,
			);
			runOnlyForDeploymentPostprocessing = 0;
		};
/* End PBXSourcesBuildPhase section */

/* Begin PBXTargetDependency section */
		4FC98B252B2B8D4C00F760E8 /* PBXTargetDependency */ = {
			isa = PBXTargetDependency;
			target = 4FC98B122B2B8D4900F760E8 /* Movies */;
			targetProxy = 4FC98B242B2B8D4C00F760E8 /* PBXContainerItemProxy */;
		};
		4FC98B2F2B2B8D4C00F760E8 /* PBXTargetDependency */ = {
			isa = PBXTargetDependency;
			target = 4FC98B122B2B8D4900F760E8 /* Movies */;
			targetProxy = 4FC98B2E2B2B8D4C00F760E8 /* PBXContainerItemProxy */;
		};
/* End PBXTargetDependency section */

/* Begin XCBuildConfiguration section */
		4FC98B352B2B8D4C00F760E8 /* Debug */ = {
			isa = XCBuildConfiguration;
			buildSettings = {
				ALWAYS_SEARCH_USER_PATHS = NO;
				ASSETCATALOG_COMPILER_GENERATE_SWIFT_ASSET_SYMBOL_EXTENSIONS = YES;
				CLANG_ANALYZER_NONNULL = YES;
				CLANG_ANALYZER_NUMBER_OBJECT_CONVERSION = YES_AGGRESSIVE;
				CLANG_CXX_LANGUAGE_STANDARD = "gnu++20";
				CLANG_ENABLE_MODULES = YES;
				CLANG_ENABLE_OBJC_ARC = YES;
				CLANG_ENABLE_OBJC_WEAK = YES;
				CLANG_WARN_BLOCK_CAPTURE_AUTORELEASING = YES;
				CLANG_WARN_BOOL_CONVERSION = YES;
				CLANG_WARN_COMMA = YES;
				CLANG_WARN_CONSTANT_CONVERSION = YES;
				CLANG_WARN_DEPRECATED_OBJC_IMPLEMENTATIONS = YES;
				CLANG_WARN_DIRECT_OBJC_ISA_USAGE = YES_ERROR;
				CLANG_WARN_DOCUMENTATION_COMMENTS = YES;
				CLANG_WARN_EMPTY_BODY = YES;
				CLANG_WARN_ENUM_CONVERSION = YES;
				CLANG_WARN_INFINITE_RECURSION = YES;
				CLANG_WARN_INT_CONVERSION = YES;
				CLANG_WARN_NON_LITERAL_NULL_CONVERSION = YES;
				CLANG_WARN_OBJC_IMPLICIT_RETAIN_SELF = YES;
				CLANG_WARN_OBJC_LITERAL_CONVERSION = YES;
				CLANG_WARN_OBJC_ROOT_CLASS = YES_ERROR;
				CLANG_WARN_QUOTED_INCLUDE_IN_FRAMEWORK_HEADER = YES;
				CLANG_WARN_RANGE_LOOP_ANALYSIS = YES;
				CLANG_WARN_STRICT_PROTOTYPES = YES;
				CLANG_WARN_SUSPICIOUS_MOVE = YES;
				CLANG_WARN_UNGUARDED_AVAILABILITY = YES_AGGRESSIVE;
				CLANG_WARN_UNREACHABLE_CODE = YES;
				CLANG_WARN__DUPLICATE_METHOD_MATCH = YES;
				COPY_PHASE_STRIP = NO;
				DEBUG_INFORMATION_FORMAT = dwarf;
				ENABLE_STRICT_OBJC_MSGSEND = YES;
				ENABLE_TESTABILITY = YES;
				ENABLE_USER_SCRIPT_SANDBOXING = YES;
				GCC_C_LANGUAGE_STANDARD = gnu17;
				GCC_DYNAMIC_NO_PIC = NO;
				GCC_NO_COMMON_BLOCKS = YES;
				GCC_OPTIMIZATION_LEVEL = 0;
				GCC_PREPROCESSOR_DEFINITIONS = (
					"DEBUG=1",
					"$(inherited)",
				);
				GCC_WARN_64_TO_32_BIT_CONVERSION = YES;
				GCC_WARN_ABOUT_RETURN_TYPE = YES_ERROR;
				GCC_WARN_UNDECLARED_SELECTOR = YES;
				GCC_WARN_UNINITIALIZED_AUTOS = YES_AGGRESSIVE;
				GCC_WARN_UNUSED_FUNCTION = YES;
				GCC_WARN_UNUSED_VARIABLE = YES;
				IPHONEOS_DEPLOYMENT_TARGET = 17.0;
				LOCALIZATION_PREFERS_STRING_CATALOGS = YES;
				MTL_ENABLE_DEBUG_INFO = INCLUDE_SOURCE;
				MTL_FAST_MATH = YES;
				ONLY_ACTIVE_ARCH = YES;
				SDKROOT = iphoneos;
				SWIFT_ACTIVE_COMPILATION_CONDITIONS = "DEBUG $(inherited)";
				SWIFT_OPTIMIZATION_LEVEL = "-Onone";
			};
			name = Debug;
		};
		4FC98B362B2B8D4C00F760E8 /* Release */ = {
			isa = XCBuildConfiguration;
			buildSettings = {
				ALWAYS_SEARCH_USER_PATHS = NO;
				ASSETCATALOG_COMPILER_GENERATE_SWIFT_ASSET_SYMBOL_EXTENSIONS = YES;
				CLANG_ANALYZER_NONNULL = YES;
				CLANG_ANALYZER_NUMBER_OBJECT_CONVERSION = YES_AGGRESSIVE;
				CLANG_CXX_LANGUAGE_STANDARD = "gnu++20";
				CLANG_ENABLE_MODULES = YES;
				CLANG_ENABLE_OBJC_ARC = YES;
				CLANG_ENABLE_OBJC_WEAK = YES;
				CLANG_WARN_BLOCK_CAPTURE_AUTORELEASING = YES;
				CLANG_WARN_BOOL_CONVERSION = YES;
				CLANG_WARN_COMMA = YES;
				CLANG_WARN_CONSTANT_CONVERSION = YES;
				CLANG_WARN_DEPRECATED_OBJC_IMPLEMENTATIONS = YES;
				CLANG_WARN_DIRECT_OBJC_ISA_USAGE = YES_ERROR;
				CLANG_WARN_DOCUMENTATION_COMMENTS = YES;
				CLANG_WARN_EMPTY_BODY = YES;
				CLANG_WARN_ENUM_CONVERSION = YES;
				CLANG_WARN_INFINITE_RECURSION = YES;
				CLANG_WARN_INT_CONVERSION = YES;
				CLANG_WARN_NON_LITERAL_NULL_CONVERSION = YES;
				CLANG_WARN_OBJC_IMPLICIT_RETAIN_SELF = YES;
				CLANG_WARN_OBJC_LITERAL_CONVERSION = YES;
				CLANG_WARN_OBJC_ROOT_CLASS = YES_ERROR;
				CLANG_WARN_QUOTED_INCLUDE_IN_FRAMEWORK_HEADER = YES;
				CLANG_WARN_RANGE_LOOP_ANALYSIS = YES;
				CLANG_WARN_STRICT_PROTOTYPES = YES;
				CLANG_WARN_SUSPICIOUS_MOVE = YES;
				CLANG_WARN_UNGUARDED_AVAILABILITY = YES_AGGRESSIVE;
				CLANG_WARN_UNREACHABLE_CODE = YES;
				CLANG_WARN__DUPLICATE_METHOD_MATCH = YES;
				COPY_PHASE_STRIP = NO;
				DEBUG_INFORMATION_FORMAT = "dwarf-with-dsym";
				ENABLE_NS_ASSERTIONS = NO;
				ENABLE_STRICT_OBJC_MSGSEND = YES;
				ENABLE_USER_SCRIPT_SANDBOXING = YES;
				GCC_C_LANGUAGE_STANDARD = gnu17;
				GCC_NO_COMMON_BLOCKS = YES;
				GCC_WARN_64_TO_32_BIT_CONVERSION = YES;
				GCC_WARN_ABOUT_RETURN_TYPE = YES_ERROR;
				GCC_WARN_UNDECLARED_SELECTOR = YES;
				GCC_WARN_UNINITIALIZED_AUTOS = YES_AGGRESSIVE;
				GCC_WARN_UNUSED_FUNCTION = YES;
				GCC_WARN_UNUSED_VARIABLE = YES;
				IPHONEOS_DEPLOYMENT_TARGET = 17.0;
				LOCALIZATION_PREFERS_STRING_CATALOGS = YES;
				MTL_ENABLE_DEBUG_INFO = NO;
				MTL_FAST_MATH = YES;
				SDKROOT = iphoneos;
				SWIFT_COMPILATION_MODE = wholemodule;
				VALIDATE_PRODUCT = YES;
			};
			name = Release;
		};
		4FC98B382B2B8D4C00F760E8 /* Debug */ = {
			isa = XCBuildConfiguration;
			buildSettings = {
				ASSETCATALOG_COMPILER_APPICON_NAME = AppIcon;
				ASSETCATALOG_COMPILER_GLOBAL_ACCENT_COLOR_NAME = AccentColor;
				CODE_SIGN_STYLE = Automatic;
				CURRENT_PROJECT_VERSION = 1;
				DEVELOPMENT_ASSET_PATHS = "\"Movies/Preview Content\"";
				ENABLE_PREVIEWS = YES;
				GENERATE_INFOPLIST_FILE = YES;
				INFOPLIST_KEY_UIApplicationSceneManifest_Generation = YES;
				INFOPLIST_KEY_UIApplicationSupportsIndirectInputEvents = YES;
				INFOPLIST_KEY_UILaunchScreen_Generation = YES;
				INFOPLIST_KEY_UISupportedInterfaceOrientations_iPad = "UIInterfaceOrientationPortrait UIInterfaceOrientationPortraitUpsideDown UIInterfaceOrientationLandscapeLeft UIInterfaceOrientationLandscapeRight";
				INFOPLIST_KEY_UISupportedInterfaceOrientations_iPhone = "UIInterfaceOrientationPortrait UIInterfaceOrientationLandscapeLeft UIInterfaceOrientationLandscapeRight";
				LD_RUNPATH_SEARCH_PATHS = (
					"$(inherited)",
					"@executable_path/Frameworks",
				);
				MARKETING_VERSION = 1.0;
				PRODUCT_BUNDLE_IDENTIFIER = mohamad.Movies;
				PRODUCT_NAME = "$(TARGET_NAME)";
				SWIFT_EMIT_LOC_STRINGS = YES;
				SWIFT_VERSION = 5.0;
				TARGETED_DEVICE_FAMILY = "1,2";
			};
			name = Debug;
		};
		4FC98B392B2B8D4C00F760E8 /* Release */ = {
			isa = XCBuildConfiguration;
			buildSettings = {
				ASSETCATALOG_COMPILER_APPICON_NAME = AppIcon;
				ASSETCATALOG_COMPILER_GLOBAL_ACCENT_COLOR_NAME = AccentColor;
				CODE_SIGN_STYLE = Automatic;
				CURRENT_PROJECT_VERSION = 1;
				DEVELOPMENT_ASSET_PATHS = "\"Movies/Preview Content\"";
				ENABLE_PREVIEWS = YES;
				GENERATE_INFOPLIST_FILE = YES;
				INFOPLIST_KEY_UIApplicationSceneManifest_Generation = YES;
				INFOPLIST_KEY_UIApplicationSupportsIndirectInputEvents = YES;
				INFOPLIST_KEY_UILaunchScreen_Generation = YES;
				INFOPLIST_KEY_UISupportedInterfaceOrientations_iPad = "UIInterfaceOrientationPortrait UIInterfaceOrientationPortraitUpsideDown UIInterfaceOrientationLandscapeLeft UIInterfaceOrientationLandscapeRight";
				INFOPLIST_KEY_UISupportedInterfaceOrientations_iPhone = "UIInterfaceOrientationPortrait UIInterfaceOrientationLandscapeLeft UIInterfaceOrientationLandscapeRight";
				LD_RUNPATH_SEARCH_PATHS = (
					"$(inherited)",
					"@executable_path/Frameworks",
				);
				MARKETING_VERSION = 1.0;
				PRODUCT_BUNDLE_IDENTIFIER = mohamad.Movies;
				PRODUCT_NAME = "$(TARGET_NAME)";
				SWIFT_EMIT_LOC_STRINGS = YES;
				SWIFT_VERSION = 5.0;
				TARGETED_DEVICE_FAMILY = "1,2";
			};
			name = Release;
		};
		4FC98B3B2B2B8D4C00F760E8 /* Debug */ = {
			isa = XCBuildConfiguration;
			buildSettings = {
				ALWAYS_EMBED_SWIFT_STANDARD_LIBRARIES = YES;
				BUNDLE_LOADER = "$(TEST_HOST)";
				CODE_SIGN_STYLE = Automatic;
				CURRENT_PROJECT_VERSION = 1;
				GENERATE_INFOPLIST_FILE = YES;
				IPHONEOS_DEPLOYMENT_TARGET = 17.0;
				MARKETING_VERSION = 1.0;
				PRODUCT_BUNDLE_IDENTIFIER = mohamad.MoviesTests;
				PRODUCT_NAME = "$(TARGET_NAME)";
				SWIFT_EMIT_LOC_STRINGS = NO;
				SWIFT_VERSION = 5.0;
				TARGETED_DEVICE_FAMILY = "1,2";
				TEST_HOST = "$(BUILT_PRODUCTS_DIR)/Movies.app/$(BUNDLE_EXECUTABLE_FOLDER_PATH)/Movies";
			};
			name = Debug;
		};
		4FC98B3C2B2B8D4C00F760E8 /* Release */ = {
			isa = XCBuildConfiguration;
			buildSettings = {
				ALWAYS_EMBED_SWIFT_STANDARD_LIBRARIES = YES;
				BUNDLE_LOADER = "$(TEST_HOST)";
				CODE_SIGN_STYLE = Automatic;
				CURRENT_PROJECT_VERSION = 1;
				GENERATE_INFOPLIST_FILE = YES;
				IPHONEOS_DEPLOYMENT_TARGET = 17.0;
				MARKETING_VERSION = 1.0;
				PRODUCT_BUNDLE_IDENTIFIER = mohamad.MoviesTests;
				PRODUCT_NAME = "$(TARGET_NAME)";
				SWIFT_EMIT_LOC_STRINGS = NO;
				SWIFT_VERSION = 5.0;
				TARGETED_DEVICE_FAMILY = "1,2";
				TEST_HOST = "$(BUILT_PRODUCTS_DIR)/Movies.app/$(BUNDLE_EXECUTABLE_FOLDER_PATH)/Movies";
			};
			name = Release;
		};
		4FC98B3E2B2B8D4C00F760E8 /* Debug */ = {
			isa = XCBuildConfiguration;
			buildSettings = {
				ALWAYS_EMBED_SWIFT_STANDARD_LIBRARIES = YES;
				CODE_SIGN_STYLE = Automatic;
				CURRENT_PROJECT_VERSION = 1;
				GENERATE_INFOPLIST_FILE = YES;
				MARKETING_VERSION = 1.0;
				PRODUCT_BUNDLE_IDENTIFIER = mohamad.MoviesUITests;
				PRODUCT_NAME = "$(TARGET_NAME)";
				SWIFT_EMIT_LOC_STRINGS = NO;
				SWIFT_VERSION = 5.0;
				TARGETED_DEVICE_FAMILY = "1,2";
				TEST_TARGET_NAME = Movies;
			};
			name = Debug;
		};
		4FC98B3F2B2B8D4C00F760E8 /* Release */ = {
			isa = XCBuildConfiguration;
			buildSettings = {
				ALWAYS_EMBED_SWIFT_STANDARD_LIBRARIES = YES;
				CODE_SIGN_STYLE = Automatic;
				CURRENT_PROJECT_VERSION = 1;
				GENERATE_INFOPLIST_FILE = YES;
				MARKETING_VERSION = 1.0;
				PRODUCT_BUNDLE_IDENTIFIER = mohamad.MoviesUITests;
				PRODUCT_NAME = "$(TARGET_NAME)";
				SWIFT_EMIT_LOC_STRINGS = NO;
				SWIFT_VERSION = 5.0;
				TARGETED_DEVICE_FAMILY = "1,2";
				TEST_TARGET_NAME = Movies;
			};
			name = Release;
		};
/* End XCBuildConfiguration section */

/* Begin XCConfigurationList section */
		4FC98B0E2B2B8D4900F760E8 /* Build configuration list for PBXProject "Movies" */ = {
			isa = XCConfigurationList;
			buildConfigurations = (
				4FC98B352B2B8D4C00F760E8 /* Debug */,
				4FC98B362B2B8D4C00F760E8 /* Release */,
			);
			defaultConfigurationIsVisible = 0;
			defaultConfigurationName = Release;
		};
		4FC98B372B2B8D4C00F760E8 /* Build configuration list for PBXNativeTarget "Movies" */ = {
			isa = XCConfigurationList;
			buildConfigurations = (
				4FC98B382B2B8D4C00F760E8 /* Debug */,
				4FC98B392B2B8D4C00F760E8 /* Release */,
			);
			defaultConfigurationIsVisible = 0;
			defaultConfigurationName = Release;
		};
		4FC98B3A2B2B8D4C00F760E8 /* Build configuration list for PBXNativeTarget "MoviesTests" */ = {
			isa = XCConfigurationList;
			buildConfigurations = (
				4FC98B3B2B2B8D4C00F760E8 /* Debug */,
				4FC98B3C2B2B8D4C00F760E8 /* Release */,
			);
			defaultConfigurationIsVisible = 0;
			defaultConfigurationName = Release;
		};
		4FC98B3D2B2B8D4C00F760E8 /* Build configuration list for PBXNativeTarget "MoviesUITests" */ = {
			isa = XCConfigurationList;
			buildConfigurations = (
				4FC98B3E2B2B8D4C00F760E8 /* Debug */,
				4FC98B3F2B2B8D4C00F760E8 /* Release */,
			);
			defaultConfigurationIsVisible = 0;
			defaultConfigurationName = Release;
		};
/* End XCConfigurationList section */
	};
	rootObject = 4FC98B0B2B2B8D4900F760E8 /* Project object */;
}
